
Microsoft Visual Studio Solution File, Format Version 11.00
# Visual Studio 2010
Project("{FAE04EC0-301F-11D3-BF4B-00C04F79EFBC}") = "allStage_v4", "Assembly-CSharp.csproj", "{50055EB9-82DF-6D84-0E60-A86E70329869}"
EndProject
Project("{FAE04EC0-301F-11D3-BF4B-00C04F79EFBC}") = "allStage_v4", "Assembly-CSharp-firstpass.csproj", "{3FED73A9-AD7D-64B1-F197-65BD860BFB67}"
EndProject
Project("{FAE04EC0-301F-11D3-BF4B-00C04F79EFBC}") = "allStage_v4", "Assembly-CSharp-Editor-firstpass.csproj", "{AC8792DE-AF2A-1479-26BE-79BF9DBC0ED2}"
EndProject
Global
	GlobalSection(SolutionConfigurationPlatforms) = preSolution
		Debug|Any CPU = Debug|Any CPU
		Release|Any CPU = Release|Any CPU
	EndGlobalSection
	GlobalSection(ProjectConfigurationPlatforms) = postSolution
		{50055EB9-82DF-6D84-0E60-A86E70329869}.Debug|Any CPU.ActiveCfg = Debug|Any CPU
		{50055EB9-82DF-6D84-0E60-A86E70329869}.Debug|Any CPU.Build.0 = Debug|Any CPU
		{50055EB9-82DF-6D84-0E60-A86E70329869}.Release|Any CPU.ActiveCfg = Release|Any CPU
		{50055EB9-82DF-6D84-0E60-A86E70329869}.Release|Any CPU.Build.0 = Release|Any CPU
		{3FED73A9-AD7D-64B1-F197-65BD860BFB67}.Debug|Any CPU.ActiveCfg = Debug|Any CPU
		{3FED73A9-AD7D-64B1-F197-65BD860BFB67}.Debug|Any CPU.Build.0 = Debug|Any CPU
		{3FED73A9-AD7D-64B1-F197-65BD860BFB67}.Release|Any CPU.ActiveCfg = Release|Any CPU
		{3FED73A9-AD7D-64B1-F197-65BD860BFB67}.Release|Any CPU.Build.0 = Release|Any CPU
		{AC8792DE-AF2A-1479-26BE-79BF9DBC0ED2}.Debug|Any CPU.ActiveCfg = Debug|Any CPU
		{AC8792DE-AF2A-1479-26BE-79BF9DBC0ED2}.Debug|Any CPU.Build.0 = Debug|Any CPU
		{AC8792DE-AF2A-1479-26BE-79BF9DBC0ED2}.Release|Any CPU.ActiveCfg = Release|Any CPU
		{AC8792DE-AF2A-1479-26BE-79BF9DBC0ED2}.Release|Any CPU.Build.0 = Release|Any CPU
	EndGlobalSection
	GlobalSection(SolutionProperties) = preSolution
		HideSolutionNode = FALSE
	EndGlobalSection
	GlobalSection(MonoDevelopProperties) = preSolution
		StartupItem = Assembly-CSharp.csproj
	EndGlobalSection
EndGlobal
