
Microsoft Visual Studio Solution File, Format Version 11.00
# Visual Studio 2010
Project("{FAE04EC0-301F-11D3-BF4B-00C04F79EFBC}") = "allStage", "Assembly-CSharp.csproj", "{ED252852-1E0D-8BFD-9C84-9E76A7B9392A}"
EndProject
Project("{FAE04EC0-301F-11D3-BF4B-00C04F79EFBC}") = "allStage", "Assembly-CSharp-firstpass.csproj", "{11067B3C-3CB8-6ED2-9C67-C935FA37A699}"
EndProject
Project("{FAE04EC0-301F-11D3-BF4B-00C04F79EFBC}") = "allStage", "Assembly-CSharp-Editor-firstpass.csproj", "{1D3DDCF6-7D68-CA55-23D3-15BDADE9A97E}"
EndProject
Global
	GlobalSection(SolutionConfigurationPlatforms) = preSolution
		Debug|Any CPU = Debug|Any CPU
		Release|Any CPU = Release|Any CPU
	EndGlobalSection
	GlobalSection(ProjectConfigurationPlatforms) = postSolution
		{ED252852-1E0D-8BFD-9C84-9E76A7B9392A}.Debug|Any CPU.ActiveCfg = Debug|Any CPU
		{ED252852-1E0D-8BFD-9C84-9E76A7B9392A}.Debug|Any CPU.Build.0 = Debug|Any CPU
		{ED252852-1E0D-8BFD-9C84-9E76A7B9392A}.Release|Any CPU.ActiveCfg = Release|Any CPU
		{ED252852-1E0D-8BFD-9C84-9E76A7B9392A}.Release|Any CPU.Build.0 = Release|Any CPU
		{11067B3C-3CB8-6ED2-9C67-C935FA37A699}.Debug|Any CPU.ActiveCfg = Debug|Any CPU
		{11067B3C-3CB8-6ED2-9C67-C935FA37A699}.Debug|Any CPU.Build.0 = Debug|Any CPU
		{11067B3C-3CB8-6ED2-9C67-C935FA37A699}.Release|Any CPU.ActiveCfg = Release|Any CPU
		{11067B3C-3CB8-6ED2-9C67-C935FA37A699}.Release|Any CPU.Build.0 = Release|Any CPU
		{1D3DDCF6-7D68-CA55-23D3-15BDADE9A97E}.Debug|Any CPU.ActiveCfg = Debug|Any CPU
		{1D3DDCF6-7D68-CA55-23D3-15BDADE9A97E}.Debug|Any CPU.Build.0 = Debug|Any CPU
		{1D3DDCF6-7D68-CA55-23D3-15BDADE9A97E}.Release|Any CPU.ActiveCfg = Release|Any CPU
		{1D3DDCF6-7D68-CA55-23D3-15BDADE9A97E}.Release|Any CPU.Build.0 = Release|Any CPU
	EndGlobalSection
	GlobalSection(SolutionProperties) = preSolution
		HideSolutionNode = FALSE
	EndGlobalSection
	GlobalSection(MonoDevelopProperties) = preSolution
		StartupItem = Assembly-CSharp.csproj
	EndGlobalSection
EndGlobal
