
Microsoft Visual Studio Solution File, Format Version 11.00
# Visual Studio 2010
Project("{FAE04EC0-301F-11D3-BF4B-00C04F79EFBC}") = "stage34", "Assembly-CSharp.csproj", "{8BA4630F-6C9A-7B99-EC49-D5202D661650}"
EndProject
Project("{FAE04EC0-301F-11D3-BF4B-00C04F79EFBC}") = "stage34", "Assembly-CSharp-firstpass.csproj", "{D88C800D-8454-53B6-18DF-3D6D5DA71E5B}"
EndProject
Project("{FAE04EC0-301F-11D3-BF4B-00C04F79EFBC}") = "stage34", "Assembly-CSharp-Editor-firstpass.csproj", "{FCDE932A-E1E6-9F9C-B60F-9ED02C21C195}"
EndProject
Global
	GlobalSection(SolutionConfigurationPlatforms) = preSolution
		Debug|Any CPU = Debug|Any CPU
		Release|Any CPU = Release|Any CPU
	EndGlobalSection
	GlobalSection(ProjectConfigurationPlatforms) = postSolution
		{8BA4630F-6C9A-7B99-EC49-D5202D661650}.Debug|Any CPU.ActiveCfg = Debug|Any CPU
		{8BA4630F-6C9A-7B99-EC49-D5202D661650}.Debug|Any CPU.Build.0 = Debug|Any CPU
		{8BA4630F-6C9A-7B99-EC49-D5202D661650}.Release|Any CPU.ActiveCfg = Release|Any CPU
		{8BA4630F-6C9A-7B99-EC49-D5202D661650}.Release|Any CPU.Build.0 = Release|Any CPU
		{D88C800D-8454-53B6-18DF-3D6D5DA71E5B}.Debug|Any CPU.ActiveCfg = Debug|Any CPU
		{D88C800D-8454-53B6-18DF-3D6D5DA71E5B}.Debug|Any CPU.Build.0 = Debug|Any CPU
		{D88C800D-8454-53B6-18DF-3D6D5DA71E5B}.Release|Any CPU.ActiveCfg = Release|Any CPU
		{D88C800D-8454-53B6-18DF-3D6D5DA71E5B}.Release|Any CPU.Build.0 = Release|Any CPU
		{FCDE932A-E1E6-9F9C-B60F-9ED02C21C195}.Debug|Any CPU.ActiveCfg = Debug|Any CPU
		{FCDE932A-E1E6-9F9C-B60F-9ED02C21C195}.Debug|Any CPU.Build.0 = Debug|Any CPU
		{FCDE932A-E1E6-9F9C-B60F-9ED02C21C195}.Release|Any CPU.ActiveCfg = Release|Any CPU
		{FCDE932A-E1E6-9F9C-B60F-9ED02C21C195}.Release|Any CPU.Build.0 = Release|Any CPU
	EndGlobalSection
	GlobalSection(SolutionProperties) = preSolution
		HideSolutionNode = FALSE
	EndGlobalSection
	GlobalSection(MonoDevelopProperties) = preSolution
		StartupItem = Assembly-CSharp.csproj
	EndGlobalSection
EndGlobal
